
Microsoft Visual Studio Solution File, Format Version 12.00
# Visual Studio 14
VisualStudioVersion = 14.0.24720.0
MinimumVisualStudioVersion = 10.0.40219.1
Project("{FAE04EC0-301F-11D3-BF4B-00C04F79EFBC}") = "Animal", "AnimalNameSpeechRecognition.WindowsApplication\Animal.csproj", "{5EBBD2C1-90BA-4BC4-AF7E-F7DA257F248A}"
EndProject
Global
	GlobalSection(SolutionConfigurationPlatforms) = preSolution
		Debug|ARM = Debug|ARM
		Debug|x64 = Debug|x64
		Debug|x86 = Debug|x86
		Release|ARM = Release|ARM
		Release|x64 = Release|x64
		Release|x86 = Release|x86
	EndGlobalSection
	GlobalSection(ProjectConfigurationPlatforms) = postSolution
		{5EBBD2C1-90BA-4BC4-AF7E-F7DA257F248A}.Debug|ARM.ActiveCfg = Debug|ARM
		{5EBBD2C1-90BA-4BC4-AF7E-F7DA257F248A}.Debug|ARM.Build.0 = Debug|ARM
		{5EBBD2C1-90BA-4BC4-AF7E-F7DA257F248A}.Debug|ARM.Deploy.0 = Debug|ARM
		{5EBBD2C1-90BA-4BC4-AF7E-F7DA257F248A}.Debug|x64.ActiveCfg = Debug|x64
		{5EBBD2C1-90BA-4BC4-AF7E-F7DA257F248A}.Debug|x64.Build.0 = Debug|x64
		{5EBBD2C1-90BA-4BC4-AF7E-F7DA257F248A}.Debug|x64.Deploy.0 = Debug|x64
		{5EBBD2C1-90BA-4BC4-AF7E-F7DA257F248A}.Debug|x86.ActiveCfg = Debug|x86
		{5EBBD2C1-90BA-4BC4-AF7E-F7DA257F248A}.Debug|x86.Build.0 = Debug|x86
		{5EBBD2C1-90BA-4BC4-AF7E-F7DA257F248A}.Debug|x86.Deploy.0 = Debug|x86
		{5EBBD2C1-90BA-4BC4-AF7E-F7DA257F248A}.Release|ARM.ActiveCfg = Release|ARM
		{5EBBD2C1-90BA-4BC4-AF7E-F7DA257F248A}.Release|ARM.Build.0 = Release|ARM
		{5EBBD2C1-90BA-4BC4-AF7E-F7DA257F248A}.Release|ARM.Deploy.0 = Release|ARM
		{5EBBD2C1-90BA-4BC4-AF7E-F7DA257F248A}.Release|x64.ActiveCfg = Release|x64
		{5EBBD2C1-90BA-4BC4-AF7E-F7DA257F248A}.Release|x64.Build.0 = Release|x64
		{5EBBD2C1-90BA-4BC4-AF7E-F7DA257F248A}.Release|x64.Deploy.0 = Release|x64
		{5EBBD2C1-90BA-4BC4-AF7E-F7DA257F248A}.Release|x86.ActiveCfg = Release|x86
		{5EBBD2C1-90BA-4BC4-AF7E-F7DA257F248A}.Release|x86.Build.0 = Release|x86
		{5EBBD2C1-90BA-4BC4-AF7E-F7DA257F248A}.Release|x86.Deploy.0 = Release|x86
	EndGlobalSection
	GlobalSection(SolutionProperties) = preSolution
		HideSolutionNode = FALSE
	EndGlobalSection
	GlobalSection(TeamFoundationVersionControl) = preSolution
		SccNumberOfProjects = 2
		SccEnterpriseProvider = {4CA58AB2-18FA-4F8D-95D4-32DDF27D184C}
		SccTeamFoundationServer = https://bossstudio.visualstudio.com/defaultcollection
		SccLocalPath0 = .
		SccProjectUniqueName1 = AnimalNameSpeechRecognition.WindowsApplication\\Animal.csproj
		SccProjectName1 = AnimalNameSpeechRecognition.WindowsApplication
		SccLocalPath1 = AnimalNameSpeechRecognition.WindowsApplication
	EndGlobalSection
EndGlobal
